
Microsoft Visual Studio Solution File, Format Version 12.00
# Visual Studio 15
VisualStudioVersion = 15.0.28307.1022
MinimumVisualStudioVersion = 10.0.40219.1
Project("{FAE04EC0-301F-11D3-BF4B-00C04F79EFBC}") = "Hospitals", "Hospitals.csproj", "{AA19AA92-C16E-4443-97A5-DFB845B44DAA}"
EndProject
Global
	GlobalSection(SolutionConfigurationPlatforms) = preSolution
		Debug|Any CPU = Debug|Any CPU
		Release|Any CPU = Release|Any CPU
	EndGlobalSection
	GlobalSection(ProjectConfigurationPlatforms) = postSolution
		{AA19AA92-C16E-4443-97A5-DFB845B44DAA}.Debug|Any CPU.ActiveCfg = Debug|Any CPU
		{AA19AA92-C16E-4443-97A5-DFB845B44DAA}.Debug|Any CPU.Build.0 = Debug|Any CPU
		{AA19AA92-C16E-4443-97A5-DFB845B44DAA}.Release|Any CPU.ActiveCfg = Release|Any CPU
		{AA19AA92-C16E-4443-97A5-DFB845B44DAA}.Release|Any CPU.Build.0 = Release|Any CPU
	EndGlobalSection
	GlobalSection(SolutionProperties) = preSolution
		HideSolutionNode = FALSE
	EndGlobalSection
	GlobalSection(ExtensibilityGlobals) = postSolution
		SolutionGuid = {FD321C41-259A-4EC5-BD6C-5A6D632D2D29}
	EndGlobalSection
EndGlobal
